
Microsoft Visual Studio Solution File, Format Version 12.00
# Visual Studio Version 17
VisualStudioVersion = 17.9.34407.89
MinimumVisualStudioVersion = 10.0.40219.1
Project("{FAE04EC0-301F-11D3-BF4B-00C04F79EFBC}") = "CosmosDBTest", "CosmosDBTest\CosmosDBTest.csproj", "{6A96E5DF-A194-46F2-AC0D-7FC82E0873BF}"
EndProject
Global
	GlobalSection(SolutionConfigurationPlatforms) = preSolution
		Debug|Any CPU = Debug|Any CPU
		Release|Any CPU = Release|Any CPU
	EndGlobalSection
	GlobalSection(ProjectConfigurationPlatforms) = postSolution
		{6A96E5DF-A194-46F2-AC0D-7FC82E0873BF}.Debug|Any CPU.ActiveCfg = Debug|Any CPU
		{6A96E5DF-A194-46F2-AC0D-7FC82E0873BF}.Debug|Any CPU.Build.0 = Debug|Any CPU
		{6A96E5DF-A194-46F2-AC0D-7FC82E0873BF}.Release|Any CPU.ActiveCfg = Release|Any CPU
		{6A96E5DF-A194-46F2-AC0D-7FC82E0873BF}.Release|Any CPU.Build.0 = Release|Any CPU
	EndGlobalSection
	GlobalSection(SolutionProperties) = preSolution
		HideSolutionNode = FALSE
	EndGlobalSection
	GlobalSection(ExtensibilityGlobals) = postSolution
		SolutionGuid = {72458652-8A38-40FA-9401-0D8864B02CBE}
	EndGlobalSection
EndGlobal
